
Microsoft Visual Studio Solution File, Format Version 12.00
# Visual Studio Express 2012 for Web
Project("{FAE04EC0-301F-11D3-BF4B-00C04F79EFBC}") = "Auction.Web", "Auction.Web\Auction.Web.csproj", "{E2EF9081-77A6-4F6E-9577-794E59FEE5B3}"
EndProject
Project("{FAE04EC0-301F-11D3-BF4B-00C04F79EFBC}") = "Auction.DAL", "Auction.DAL\Auction.DAL.csproj", "{02E42685-527C-496E-B27D-862EA04A1A4E}"
EndProject
Global
	GlobalSection(SolutionConfigurationPlatforms) = preSolution
		Debug|Any CPU = Debug|Any CPU
		Release|Any CPU = Release|Any CPU
	EndGlobalSection
	GlobalSection(ProjectConfigurationPlatforms) = postSolution
		{E2EF9081-77A6-4F6E-9577-794E59FEE5B3}.Debug|Any CPU.ActiveCfg = Debug|Any CPU
		{E2EF9081-77A6-4F6E-9577-794E59FEE5B3}.Debug|Any CPU.Build.0 = Debug|Any CPU
		{E2EF9081-77A6-4F6E-9577-794E59FEE5B3}.Release|Any CPU.ActiveCfg = Release|Any CPU
		{E2EF9081-77A6-4F6E-9577-794E59FEE5B3}.Release|Any CPU.Build.0 = Release|Any CPU
		{02E42685-527C-496E-B27D-862EA04A1A4E}.Debug|Any CPU.ActiveCfg = Debug|Any CPU
		{02E42685-527C-496E-B27D-862EA04A1A4E}.Debug|Any CPU.Build.0 = Debug|Any CPU
		{02E42685-527C-496E-B27D-862EA04A1A4E}.Release|Any CPU.ActiveCfg = Release|Any CPU
		{02E42685-527C-496E-B27D-862EA04A1A4E}.Release|Any CPU.Build.0 = Release|Any CPU
	EndGlobalSection
	GlobalSection(SolutionProperties) = preSolution
		HideSolutionNode = FALSE
	EndGlobalSection
EndGlobal
